
Microsoft Visual Studio Solution File, Format Version 12.00
# Visual Studio Version 17
VisualStudioVersion = 17.9.34616.47
MinimumVisualStudioVersion = 10.0.40219.1
Project("{FAE04EC0-301F-11D3-BF4B-00C04F79EFBC}") = "FinTransactApp", "FinTransactApp\FinTransactApp.csproj", "{E5F36371-15DC-4681-83A4-0E8E1194C316}"
EndProject
Global
	GlobalSection(SolutionConfigurationPlatforms) = preSolution
		Debug|Any CPU = Debug|Any CPU
		Release|Any CPU = Release|Any CPU
	EndGlobalSection
	GlobalSection(ProjectConfigurationPlatforms) = postSolution
		{E5F36371-15DC-4681-83A4-0E8E1194C316}.Debug|Any CPU.ActiveCfg = Debug|Any CPU
		{E5F36371-15DC-4681-83A4-0E8E1194C316}.Debug|Any CPU.Build.0 = Debug|Any CPU
		{E5F36371-15DC-4681-83A4-0E8E1194C316}.Release|Any CPU.ActiveCfg = Release|Any CPU
		{E5F36371-15DC-4681-83A4-0E8E1194C316}.Release|Any CPU.Build.0 = Release|Any CPU
	EndGlobalSection
	GlobalSection(SolutionProperties) = preSolution
		HideSolutionNode = FALSE
	EndGlobalSection
	GlobalSection(ExtensibilityGlobals) = postSolution
		SolutionGuid = {83EF022A-06E1-49CA-89A6-B147997C1322}
	EndGlobalSection
EndGlobal
